Microsoft Visual Studio Solution File, Format Version 12.00
# Visual Studio Version 17
VisualStudioVersion = 17.5.2.0
MinimumVisualStudioVersion = 10.0.40219.1
Project("{FAE04EC0-301F-11D3-BF4B-00C04F79EFBC}") = "Exerc2", "Exerc2.csproj", "{0A97147C-340C-EF71-CF49-F0A033A6C2BB}"
EndProject
Global
	GlobalSection(SolutionConfigurationPlatforms) = preSolution
		Debug|Any CPU = Debug|Any CPU
		Release|Any CPU = Release|Any CPU
	EndGlobalSection
	GlobalSection(ProjectConfigurationPlatforms) = postSolution
		{0A97147C-340C-EF71-CF49-F0A033A6C2BB}.Debug|Any CPU.ActiveCfg = Debug|Any CPU
		{0A97147C-340C-EF71-CF49-F0A033A6C2BB}.Debug|Any CPU.Build.0 = Debug|Any CPU
		{0A97147C-340C-EF71-CF49-F0A033A6C2BB}.Release|Any CPU.ActiveCfg = Release|Any CPU
		{0A97147C-340C-EF71-CF49-F0A033A6C2BB}.Release|Any CPU.Build.0 = Release|Any CPU
	EndGlobalSection
	GlobalSection(SolutionProperties) = preSolution
		HideSolutionNode = FALSE
	EndGlobalSection
	GlobalSection(ExtensibilityGlobals) = postSolution
		SolutionGuid = {D74B89BC-EBDB-4324-9253-08C47C45412C}
	EndGlobalSection
EndGlobal
